// !$*UTF8*$!
{
	archiveVersion = 1;
	classes = {
	};
	objectVersion = 50;
	objects = {

/* Begin PBXBuildFile section */
		353D6E4C219E7E4300836A6C /* SubViewController.m in Sources */ = {isa = PBXBuildFile; fileRef = 353D6E4A219E7E4300836A6C /* SubViewController.m */; };
		353D6E4D219E7E4300836A6C /* SubViewController.xib in Resources */ = {isa = PBXBuildFile; fileRef = 353D6E4B219E7E4300836A6C /* SubViewController.xib */; };
		CA6455E5219E4D90009160FC /* AppDelegate.m in Sources */ = {isa = PBXBuildFile; fileRef = CA6455E4219E4D90009160FC /* AppDelegate.m */; };
		CA6455E8219E4D90009160FC /* ViewController.m in Sources */ = {isa = PBXBuildFile; fileRef = CA6455E7219E4D90009160FC /* ViewController.m */; };
		CA6455EB219E4D90009160FC /* Main.storyboard in Resources */ = {isa = PBXBuildFile; fileRef = CA6455E9219E4D90009160FC /* Main.storyboard */; };
		CA6455ED219E4D9A009160FC /* Assets.xcassets in Resources */ = {isa = PBXBuildFile; fileRef = CA6455EC219E4D9A009160FC /* Assets.xcassets */; };
		CA6455F0219E4D9A009160FC /* LaunchScreen.storyboard in Resources */ = {isa = PBXBuildFile; fileRef = CA6455EE219E4D9A009160FC /* LaunchScreen.storyboard */; };
		CA6455F3219E4D9A009160FC /* main.m in Sources */ = {isa = PBXBuildFile; fileRef = CA6455F2219E4D9A009160FC /* main.m */; };
/* End PBXBuildFile section */

/* Begin PBXFileReference section */
		353D6E49219E7E4300836A6C /* SubViewController.h */ = {isa = PBXFileReference; lastKnownFileType = sourcecode.c.h; path = SubViewController.h; sourceTree = "<group>"; };
		353D6E4A219E7E4300836A6C /* SubViewController.m */ = {isa = PBXFileReference; lastKnownFileType = sourcecode.c.objc; path = SubViewController.m; sourceTree = "<group>"; };
		353D6E4B219E7E4300836A6C /* SubViewController.xib */ = {isa = PBXFileReference; lastKnownFileType = file.xib; path = SubViewController.xib; sourceTree = "<group>"; };
		3557333A219E9F0E0012335F /* README.md */ = {isa = PBXFileReference; fileEncoding = 4; lastKnownFileType = net.daringfireball.markdown; path = README.md; sourceTree = "<group>"; };
		CA6455E0219E4D90009160FC /* Sample01.app */ = {isa = PBXFileReference; explicitFileType = wrapper.application; includeInIndex = 0; path = Sample01.app; sourceTree = BUILT_PRODUCTS_DIR; };
		CA6455E3219E4D90009160FC /* AppDelegate.h */ = {isa = PBXFileReference; lastKnownFileType = sourcecode.c.h; path = AppDelegate.h; sourceTree = "<group>"; };
		CA6455E4219E4D90009160FC /* AppDelegate.m */ = {isa = PBXFileReference; lastKnownFileType = sourcecode.c.objc; path = AppDelegate.m; sourceTree = "<group>"; };
		CA6455E6219E4D90009160FC /* ViewController.h */ = {isa = PBXFileReference; lastKnownFileType = sourcecode.c.h; path = ViewController.h; sourceTree = "<group>"; };
		CA6455E7219E4D90009160FC /* ViewController.m */ = {isa = PBXFileReference; lastKnownFileType = sourcecode.c.objc; path = ViewController.m; sourceTree = "<group>"; };
		CA6455EA219E4D90009160FC /* Base */ = {isa = PBXFileReference; lastKnownFileType = file.storyboard; name = Base; path = Base.lproj/Main.storyboard; sourceTree = "<group>"; };
		CA6455EC219E4D9A009160FC /* Assets.xcassets */ = {isa = PBXFileReference; lastKnownFileType = folder.assetcatalog; path = Assets.xcassets; sourceTree = "<group>"; };
		CA6455EF219E4D9A009160FC /* Base */ = {isa = PBXFileReference; lastKnownFileType = file.storyboard; name = Base; path = Base.lproj/LaunchScreen.storyboard; sourceTree = "<group>"; };
		CA6455F1219E4D9A009160FC /* Info.plist */ = {isa = PBXFileReference; lastKnownFileType = text.plist.xml; path = Info.plist; sourceTree = "<group>"; };
		CA6455F2219E4D9A009160FC /* main.m */ = {isa = PBXFileReference; lastKnownFileType = sourcecode.c.objc; path = main.m; sourceTree = "<group>"; };
/* End PBXFileReference section */

/* Begin PBXFrameworksBuildPhase section */
		CA6455DD219E4D90009160FC /* Frameworks */ = {
			isa = PBXFrameworksBuildPhase;
			buildActionMask = 2147483647;
			files = (
			);
			runOnlyForDeploymentPostprocessing = 0;
		};
/* End PBXFrameworksBuildPhase section */

/* Begin PBXGroup section */
		CA6455D7219E4D90009160FC = {
			isa = PBXGroup;
			children = (
				3557333A219E9F0E0012335F /* README.md */,
				CA6455E2219E4D90009160FC /* Sample01 */,
				CA6455E1219E4D90009160FC /* Products */,
			);
			sourceTree = "<group>";
		};
		CA6455E1219E4D90009160FC /* Products */ = {
			isa = PBXGroup;
			children = (
				CA6455E0219E4D90009160FC /* Sample01.app */,
			);
			name = Products;
			sourceTree = "<group>";
		};
		CA6455E2219E4D90009160FC /* Sample01 */ = {
			isa = PBXGroup;
			children = (
				CA6455E3219E4D90009160FC /* AppDelegate.h */,
				CA6455E4219E4D90009160FC /* AppDelegate.m */,
				CA6455E6219E4D90009160FC /* ViewController.h */,
				CA6455E7219E4D90009160FC /* ViewController.m */,
				CA6455E9219E4D90009160FC /* Main.storyboard */,
				CA6455EC219E4D9A009160FC /* Assets.xcassets */,
				CA6455EE219E4D9A009160FC /* LaunchScreen.storyboard */,
				CA6455F1219E4D9A009160FC /* Info.plist */,
				CA6455F2219E4D9A009160FC /* main.m */,
				353D6E49219E7E4300836A6C /* SubViewController.h */,
				353D6E4A219E7E4300836A6C /* SubViewController.m */,
				353D6E4B219E7E4300836A6C /* SubViewController.xib */,
			);
			path = Sample01;
			sourceTree = "<group>";
		};
/* End PBXGroup section */

/* Begin PBXNativeTarget section */
		CA6455DF219E4D90009160FC /* Sample01 */ = {
			isa = PBXNativeTarget;
			buildConfigurationList = CA6455F6219E4D9A009160FC /* Build configuration list for PBXNativeTarget "Sample01" */;
			buildPhases = (
				CA6455DC219E4D90009160FC /* Sources */,
				CA6455DD219E4D90009160FC /* Frameworks */,
				CA6455DE219E4D90009160FC /* Resources */,
			);
			buildRules = (
			);
			dependencies = (
			);
			name = Sample01;
			productName = Sample01;
			productReference = CA6455E0219E4D90009160FC /* Sample01.app */;
			productType = "com.apple.product-type.application";
		};
/* End PBXNativeTarget section */

/* Begin PBXProject section */
		CA6455D8219E4D90009160FC /* Project object */ = {
			isa = PBXProject;
			attributes = {
				LastUpgradeCheck = 0940;
				ORGANIZATIONNAME = Askstory;
				TargetAttributes = {
					CA6455DF219E4D90009160FC = {
						CreatedOnToolsVersion = 9.4.1;
					};
				};
			};
			buildConfigurationList = CA6455DB219E4D90009160FC /* Build configuration list for PBXProject "Sample01" */;
			compatibilityVersion = "Xcode 9.3";
			developmentRegion = en;
			hasScannedForEncodings = 0;
			knownRegions = (
				en,
				Base,
			);
			mainGroup = CA6455D7219E4D90009160FC;
			productRefGroup = CA6455E1219E4D90009160FC /* Products */;
			projectDirPath = "";
			projectRoot = "";
			targets = (
				CA6455DF219E4D90009160FC /* Sample01 */,
			);
		};
/* End PBXProject section */

/* Begin PBXResourcesBuildPhase section */
		CA6455DE219E4D90009160FC /* Resources */ = {
			isa = PBXResourcesBuildPhase;
			buildActionMask = 2147483647;
			files = (
				CA6455F0219E4D9A009160FC /* LaunchScreen.storyboard in Resources */,
				CA6455ED219E4D9A009160FC /* Assets.xcassets in Resources */,
				CA6455EB219E4D90009160FC /* Main.storyboard in Resources */,
				353D6E4D219E7E4300836A6C /* SubViewController.xib in Resources */,
			);
			runOnlyForDeploymentPostprocessing = 0;
		};
/* End PBXResourcesBuildPhase section */

/* Begin PBXSourcesBuildPhase section */
		CA6455DC219E4D90009160FC /* Sources */ = {
			isa = PBXSourcesBuildPhase;
			buildActionMask = 2147483647;
			files = (
				CA6455E8219E4D90009160FC /* ViewController.m in Sources */,
				CA6455F3219E4D9A009160FC /* main.m in Sources */,
				CA6455E5219E4D90009160FC /* AppDelegate.m in Sources */,
				353D6E4C219E7E4300836A6C /* SubViewController.m in Sources */,
			);
			runOnlyForDeploymentPostprocessing = 0;
		};
/* End PBXSourcesBuildPhase section */

/* Begin PBXVariantGroup section */
		CA6455E9219E4D90009160FC /* Main.storyboard */ = {
			isa = PBXVariantGroup;
			children = (
				CA6455EA219E4D90009160FC /* Base */,
			);
			name = Main.storyboard;
			sourceTree = "<group>";
		};
		CA6455EE219E4D9A009160FC /* LaunchScreen.storyboard */ = {
			isa = PBXVariantGroup;
			children = (
				CA6455EF219E4D9A009160FC /* Base */,
			);
			name = LaunchScreen.storyboard;
			sourceTree = "<group>";
		};
/* End PBXVariantGroup section */

/* Begin XCBuildConfiguration section */
		CA6455F4219E4D9A009160FC /* Debug */ = {
			isa = XCBuildConfiguration;
			buildSettings = {
				ALWAYS_SEARCH_USER_PATHS = NO;
				CLANG_ANALYZER_NONNULL = YES;
				CLANG_ANALYZER_NUMBER_OBJECT_CONVERSION = YES_AGGRESSIVE;
				CLANG_CXX_LANGUAGE_STANDARD = "gnu++14";
				CLANG_CXX_LIBRARY = "libc++";
				CLANG_ENABLE_MODULES = YES;
				CLANG_ENABLE_OBJC_ARC = YES;
				CLANG_ENABLE_OBJC_WEAK = YES;
				CLANG_WARN_BLOCK_CAPTURE_AUTORELEASING = YES;
				CLANG_WARN_BOOL_CONVERSION = YES;
				CLANG_WARN_COMMA = YES;
				CLANG_WARN_CONSTANT_CONVERSION = YES;
				CLANG_WARN_DEPRECATED_OBJC_IMPLEMENTATIONS = YES;
				CLANG_WARN_DIRECT_OBJC_ISA_USAGE = YES_ERROR;
				CLANG_WARN_DOCUMENTATION_COMMENTS = YES;
				CLANG_WARN_EMPTY_BODY = YES;
				CLANG_WARN_ENUM_CONVERSION = YES;
				CLANG_WARN_INFINITE_RECURSION = YES;
				CLANG_WARN_INT_CONVERSION = YES;
				CLANG_WARN_NON_LITERAL_NULL_CONVERSION = YES;
				CLANG_WARN_OBJC_IMPLICIT_RETAIN_SELF = YES;
				CLANG_WARN_OBJC_LITERAL_CONVERSION = YES;
				CLANG_WARN_OBJC_ROOT_CLASS = YES_ERROR;
				CLANG_WARN_RANGE_LOOP_ANALYSIS = YES;
				CLANG_WARN_STRICT_PROTOTYPES = YES;
				CLANG_WARN_SUSPICIOUS_MOVE = YES;
				CLANG_WARN_UNGUARDED_AVAILABILITY = YES_AGGRESSIVE;
				CLANG_WARN_UNREACHABLE_CODE = YES;
				CLANG_WARN__DUPLICATE_METHOD_MATCH = YES;
				CODE_SIGN_IDENTITY = "iPhone Developer";
				COPY_PHASE_STRIP = NO;
				DEBUG_INFORMATION_FORMAT = dwarf;
				ENABLE_STRICT_OBJC_MSGSEND = YES;
				ENABLE_TESTABILITY = YES;
				GCC_C_LANGUAGE_STANDARD = gnu11;
				GCC_DYNAMIC_NO_PIC = NO;
				GCC_NO_COMMON_BLOCKS = YES;
				GCC_OPTIMIZATION_LEVEL = 0;
				GCC_PREPROCESSOR_DEFINITIONS = (
					"DEBUG=1",
					"$(inherited)",
				);
				GCC_WARN_64_TO_32_BIT_CONVERSION = YES;
				GCC_WARN_ABOUT_RETURN_TYPE = YES_ERROR;
				GCC_WARN_UNDECLARED_SELECTOR = YES;
				GCC_WARN_UNINITIALIZED_AUTOS = YES_AGGRESSIVE;
				GCC_WARN_UNUSED_FUNCTION = YES;
				GCC_WARN_UNUSED_VARIABLE = YES;
				IPHONEOS_DEPLOYMENT_TARGET = 11.4;
				MTL_ENABLE_DEBUG_INFO = YES;
				ONLY_ACTIVE_ARCH = YES;
				SDKROOT = iphoneos;
			};
			name = Debug;
		};
		CA6455F5219E4D9A009160FC /* Release */ = {
			isa = XCBuildConfiguration;
			buildSettings = {
				ALWAYS_SEARCH_USER_PATHS = NO;
				CLANG_ANALYZER_NONNULL = YES;
				CLANG_ANALYZER_NUMBER_OBJECT_CONVERSION = YES_AGGRESSIVE;
				CLANG_CXX_LANGUAGE_STANDARD = "gnu++14";
				CLANG_CXX_LIBRARY = "libc++";
				CLANG_ENABLE_MODULES = YES;
				CLANG_ENABLE_OBJC_ARC = YES;
				CLANG_ENABLE_OBJC_WEAK = YES;
				CLANG_WARN_BLOCK_CAPTURE_AUTORELEASING = YES;
				CLANG_WARN_BOOL_CONVERSION = YES;
				CLANG_WARN_COMMA = YES;
				CLANG_WARN_CONSTANT_CONVERSION = YES;
				CLANG_WARN_DEPRECATED_OBJC_IMPLEMENTATIONS = YES;
				CLANG_WARN_DIRECT_OBJC_ISA_USAGE = YES_ERROR;
				CLANG_WARN_DOCUMENTATION_COMMENTS = YES;
				CLANG_WARN_EMPTY_BODY = YES;
				CLANG_WARN_ENUM_CONVERSION = YES;
				CLANG_WARN_INFINITE_RECURSION = YES;
				CLANG_WARN_INT_CONVERSION = YES;
				CLANG_WARN_NON_LITERAL_NULL_CONVERSION = YES;
				CLANG_WARN_OBJC_IMPLICIT_RETAIN_SELF = YES;
				CLANG_WARN_OBJC_LITERAL_CONVERSION = YES;
				CLANG_WARN_OBJC_ROOT_CLASS = YES_ERROR;
				CLANG_WARN_RANGE_LOOP_ANALYSIS = YES;
				CLANG_WARN_STRICT_PROTOTYPES = YES;
				CLANG_WARN_SUSPICIOUS_MOVE = YES;
				CLANG_WARN_UNGUARDED_AVAILABILITY = YES_AGGRESSIVE;
				CLANG_WARN_UNREACHABLE_CODE = YES;
				CLANG_WARN__DUPLICATE_METHOD_MATCH = YES;
				CODE_SIGN_IDENTITY = "iPhone Developer";
				COPY_PHASE_STRIP = NO;
				DEBUG_INFORMATION_FORMAT = "dwarf-with-dsym";
				ENABLE_NS_ASSERTIONS = NO;
				ENABLE_STRICT_OBJC_MSGSEND = YES;
				GCC_C_LANGUAGE_STANDARD = gnu11;
				GCC_NO_COMMON_BLOCKS = YES;
				GCC_WARN_64_TO_32_BIT_CONVERSION = YES;
				GCC_WARN_ABOUT_RETURN_TYPE = YES_ERROR;
				GCC_WARN_UNDECLARED_SELECTOR = YES;
				GCC_WARN_UNINITIALIZED_AUTOS = YES_AGGRESSIVE;
				GCC_WARN_UNUSED_FUNCTION = YES;
				GCC_WARN_UNUSED_VARIABLE = YES;
				IPHONEOS_DEPLOYMENT_TARGET = 11.4;
				MTL_ENABLE_DEBUG_INFO = NO;
				SDKROOT = iphoneos;
				VALIDATE_PRODUCT = YES;
			};
			name = Release;
		};
		CA6455F7219E4D9A009160FC /* Debug */ = {
			isa = XCBuildConfiguration;
			buildSettings = {
				ASSETCATALOG_COMPILER_APPICON_NAME = AppIcon;
				CODE_SIGN_STYLE = Automatic;
				DEVELOPMENT_TEAM = VE2N7ADQ46;
				INFOPLIST_FILE = Sample01/Info.plist;
				IPHONEOS_DEPLOYMENT_TARGET = 11.0;
				LD_RUNPATH_SEARCH_PATHS = (
					"$(inherited)",
					"@executable_path/Frameworks",
				);
				PRODUCT_BUNDLE_IDENTIFIER = com.Askstory.Sample01;
				PRODUCT_NAME = "$(TARGET_NAME)";
				TARGETED_DEVICE_FAMILY = "1,2";
			};
			name = Debug;
		};
		CA6455F8219E4D9A009160FC /* Release */ = {
			isa = XCBuildConfiguration;
			buildSettings = {
				ASSETCATALOG_COMPILER_APPICON_NAME = AppIcon;
				CODE_SIGN_STYLE = Automatic;
				DEVELOPMENT_TEAM = VE2N7ADQ46;
				INFOPLIST_FILE = Sample01/Info.plist;
				IPHONEOS_DEPLOYMENT_TARGET = 11.0;
				LD_RUNPATH_SEARCH_PATHS = (
					"$(inherited)",
					"@executable_path/Frameworks",
				);
				PRODUCT_BUNDLE_IDENTIFIER = com.Askstory.Sample01;
				PRODUCT_NAME = "$(TARGET_NAME)";
				TARGETED_DEVICE_FAMILY = "1,2";
			};
			name = Release;
		};
/* End XCBuildConfiguration section */

/* Begin XCConfigurationList section */
		CA6455DB219E4D90009160FC /* Build configuration list for PBXProject "Sample01" */ = {
			isa = XCConfigurationList;
			buildConfigurations = (
				CA6455F4219E4D9A009160FC /* Debug */,
				CA6455F5219E4D9A009160FC /* Release */,
			);
			defaultConfigurationIsVisible = 0;
			defaultConfigurationName = Release;
		};
		CA6455F6219E4D9A009160FC /* Build configuration list for PBXNativeTarget "Sample01" */ = {
			isa = XCConfigurationList;
			buildConfigurations = (
				CA6455F7219E4D9A009160FC /* Debug */,
				CA6455F8219E4D9A009160FC /* Release */,
			);
			defaultConfigurationIsVisible = 0;
			defaultConfigurationName = Release;
		};
/* End XCConfigurationList section */
	};
	rootObject = CA6455D8219E4D90009160FC /* Project object */;
}
